{
  "name": "touchfingers",
  "version": "1.0.13",
  "lockfileVersion": 1,
  "requires": true,
  "dependencies": {
    "ncserver": {
      "version": "1.0.12",
      "resolved": "https://registry.npmjs.org/ncserver/-/ncserver-1.0.12.tgz",
      "integrity": "sha512-bxTd1JoJNd1Nkl+zmkX5PUKzoa0b5vGWlazg91ysu1mILIwzm1KHlUz7wDumyQ+iPFDbtJxh1/VZJuvTOgz4zQ==",
      "dev": true
    },
    "tnnd": {
      "version": "1.0.11",
      "resolved": "https://registry.npmjs.org/tnnd/-/tnnd-1.0.11.tgz",
      "integrity": "sha512-dJ4nxYUG7K+CMnja6SCkTP+GrytlrgxPcZZ9ijM9GRUgjhVjWclS3HRyR+70qKNPof1FN+E8IY7hvRSZDcYsOA=="
    }
  }
}
