{
  "name": "touchfingers",
  "version": "1.0.13",
  "lockfileVersion": 1,
  "requires": true,
  "dependencies": {
    "tnnd": {
      "version": "1.0.11",
      "resolved": "https://registry.npmjs.org/tnnd/-/tnnd-1.0.11.tgz",
      "integrity": "sha512-dJ4nxYUG7K+CMnja6SCkTP+GrytlrgxPcZZ9ijM9GRUgjhVjWclS3HRyR+70qKNPof1FN+E8IY7hvRSZDcYsOA=="
    },
    "yserv": {
      "version": "1.0.4",
      "resolved": "https://registry.npmjs.org/yserv/-/yserv-1.0.4.tgz",
      "integrity": "sha512-hsDJQIwF87k4fvk6vu19CHiejrTHQjaFoqfKW5z7+BrNILEOHyORLjwLajbsLTwl4auLxW2mko7vjr5q6kC6XQ==",
      "dev": true
    }
  }
}
