{
  "name": "touchfingers",
  "version": "1.0.13",
  "lockfileVersion": 1,
  "requires": true,
  "dependencies": {
    "ncserver": {
      "version": "1.0.11",
      "resolved": "https://registry.npmjs.org/ncserver/-/ncserver-1.0.11.tgz",
      "integrity": "sha512-nNbT0dy+AviNPeWgc3KIhLac6S//nVRFP5oo0+r2nZ/NrzHxRpmaIIbBttw1GAtt3BzkCjaqWIpxLSwVQwT2fA==",
      "dev": true
    },
    "tnnd": {
      "version": "1.0.11",
      "resolved": "https://registry.npmjs.org/tnnd/-/tnnd-1.0.11.tgz",
      "integrity": "sha512-dJ4nxYUG7K+CMnja6SCkTP+GrytlrgxPcZZ9ijM9GRUgjhVjWclS3HRyR+70qKNPof1FN+E8IY7hvRSZDcYsOA=="
    }
  }
}
